
Microsoft Visual Studio Solution File, Format Version 12.00
# Visual Studio Version 16
VisualStudioVersion = 16.0.31729.503
MinimumVisualStudioVersion = 10.0.40219.1
Project("{FAE04EC0-301F-11D3-BF4B-00C04F79EFBC}") = "QueueTrigger", "QueueTrigger\QueueTrigger.csproj", "{90CF480D-97A7-47C3-A14F-288670D9FE78}"
EndProject
Global
	GlobalSection(SolutionConfigurationPlatforms) = preSolution
		Debug|Any CPU = Debug|Any CPU
		Release|Any CPU = Release|Any CPU
	EndGlobalSection
	GlobalSection(ProjectConfigurationPlatforms) = postSolution
		{90CF480D-97A7-47C3-A14F-288670D9FE78}.Debug|Any CPU.ActiveCfg = Debug|Any CPU
		{90CF480D-97A7-47C3-A14F-288670D9FE78}.Debug|Any CPU.Build.0 = Debug|Any CPU
		{90CF480D-97A7-47C3-A14F-288670D9FE78}.Release|Any CPU.ActiveCfg = Release|Any CPU
		{90CF480D-97A7-47C3-A14F-288670D9FE78}.Release|Any CPU.Build.0 = Release|Any CPU
	EndGlobalSection
	GlobalSection(SolutionProperties) = preSolution
		HideSolutionNode = FALSE
	EndGlobalSection
	GlobalSection(ExtensibilityGlobals) = postSolution
		SolutionGuid = {71077F88-1E08-4D21-A3A9-2F027F5024A8}
	EndGlobalSection
EndGlobal
